// !$*UTF8*$!
{
	archiveVersion = 1;
	classes = {
	};
	objectVersion = 56;
	objects = {

/* Begin PBXBuildFile section */
		C3542D522B5FC62F00B3F58C /* YummiApp.swift in Sources */ = {isa = PBXBuildFile; fileRef = C3542D512B5FC62F00B3F58C /* YummiApp.swift */; };
		C3542D542B5FC62F00B3F58C /* ContentView.swift in Sources */ = {isa = PBXBuildFile; fileRef = C3542D532B5FC62F00B3F58C /* ContentView.swift */; };
		C3542D562B5FC63200B3F58C /* Assets.xcassets in Resources */ = {isa = PBXBuildFile; fileRef = C3542D552B5FC63200B3F58C /* Assets.xcassets */; };
		C3542D592B5FC63200B3F58C /* Preview Assets.xcassets in Resources */ = {isa = PBXBuildFile; fileRef = C3542D582B5FC63200B3F58C /* Preview Assets.xcassets */; };
		C3542D632B5FC63300B3F58C /* YummiTests.swift in Sources */ = {isa = PBXBuildFile; fileRef = C3542D622B5FC63300B3F58C /* YummiTests.swift */; };
		C3542D6D2B5FC63300B3F58C /* YummiUITests.swift in Sources */ = {isa = PBXBuildFile; fileRef = C3542D6C2B5FC63300B3F58C /* YummiUITests.swift */; };
		C3542D6F2B5FC63300B3F58C /* YummiUITestsLaunchTests.swift in Sources */ = {isa = PBXBuildFile; fileRef = C3542D6E2B5FC63300B3F58C /* YummiUITestsLaunchTests.swift */; };
		C3542D7C2B5FCBD200B3F58C /* Ingredients.swift in Sources */ = {isa = PBXBuildFile; fileRef = C3542D7B2B5FCBD200B3F58C /* Ingredients.swift */; };
/* End PBXBuildFile section */

/* Begin PBXContainerItemProxy section */
		C3542D5F2B5FC63300B3F58C /* PBXContainerItemProxy */ = {
			isa = PBXContainerItemProxy;
			containerPortal = C3542D462B5FC62F00B3F58C /* Project object */;
			proxyType = 1;
			remoteGlobalIDString = C3542D4D2B5FC62F00B3F58C;
			remoteInfo = Yummi;
		};
		C3542D692B5FC63300B3F58C /* PBXContainerItemProxy */ = {
			isa = PBXContainerItemProxy;
			containerPortal = C3542D462B5FC62F00B3F58C /* Project object */;
			proxyType = 1;
			remoteGlobalIDString = C3542D4D2B5FC62F00B3F58C;
			remoteInfo = Yummi;
		};
/* End PBXContainerItemProxy section */

/* Begin PBXFileReference section */
		C3542D4E2B5FC62F00B3F58C /* Yummi.app */ = {isa = PBXFileReference; explicitFileType = wrapper.application; includeInIndex = 0; path = Yummi.app; sourceTree = BUILT_PRODUCTS_DIR; };
		C3542D512B5FC62F00B3F58C /* YummiApp.swift */ = {isa = PBXFileReference; lastKnownFileType = sourcecode.swift; path = YummiApp.swift; sourceTree = "<group>"; };
		C3542D532B5FC62F00B3F58C /* ContentView.swift */ = {isa = PBXFileReference; lastKnownFileType = sourcecode.swift; path = ContentView.swift; sourceTree = "<group>"; };
		C3542D552B5FC63200B3F58C /* Assets.xcassets */ = {isa = PBXFileReference; lastKnownFileType = folder.assetcatalog; path = Assets.xcassets; sourceTree = "<group>"; };
		C3542D582B5FC63200B3F58C /* Preview Assets.xcassets */ = {isa = PBXFileReference; lastKnownFileType = folder.assetcatalog; path = "Preview Assets.xcassets"; sourceTree = "<group>"; };
		C3542D5E2B5FC63300B3F58C /* YummiTests.xctest */ = {isa = PBXFileReference; explicitFileType = wrapper.cfbundle; includeInIndex = 0; path = YummiTests.xctest; sourceTree = BUILT_PRODUCTS_DIR; };
		C3542D622B5FC63300B3F58C /* YummiTests.swift */ = {isa = PBXFileReference; lastKnownFileType = sourcecode.swift; path = YummiTests.swift; sourceTree = "<group>"; };
		C3542D682B5FC63300B3F58C /* YummiUITests.xctest */ = {isa = PBXFileReference; explicitFileType = wrapper.cfbundle; includeInIndex = 0; path = YummiUITests.xctest; sourceTree = BUILT_PRODUCTS_DIR; };
		C3542D6C2B5FC63300B3F58C /* YummiUITests.swift */ = {isa = PBXFileReference; lastKnownFileType = sourcecode.swift; path = YummiUITests.swift; sourceTree = "<group>"; };
		C3542D6E2B5FC63300B3F58C /* YummiUITestsLaunchTests.swift */ = {isa = PBXFileReference; lastKnownFileType = sourcecode.swift; path = YummiUITestsLaunchTests.swift; sourceTree = "<group>"; };
		C3542D7B2B5FCBD200B3F58C /* Ingredients.swift */ = {isa = PBXFileReference; lastKnownFileType = sourcecode.swift; path = Ingredients.swift; sourceTree = "<group>"; };
/* End PBXFileReference section */

/* Begin PBXFrameworksBuildPhase section */
		C3542D4B2B5FC62F00B3F58C /* Frameworks */ = {
			isa = PBXFrameworksBuildPhase;
			buildActionMask = 2147483647;
			files = (
			);
			runOnlyForDeploymentPostprocessing = 0;
		};
		C3542D5B2B5FC63300B3F58C /* Frameworks */ = {
			isa = PBXFrameworksBuildPhase;
			buildActionMask = 2147483647;
			files = (
			);
			runOnlyForDeploymentPostprocessing = 0;
		};
		C3542D652B5FC63300B3F58C /* Frameworks */ = {
			isa = PBXFrameworksBuildPhase;
			buildActionMask = 2147483647;
			files = (
			);
			runOnlyForDeploymentPostprocessing = 0;
		};
/* End PBXFrameworksBuildPhase section */

/* Begin PBXGroup section */
		C3542D452B5FC62F00B3F58C = {
			isa = PBXGroup;
			children = (
				C3542D502B5FC62F00B3F58C /* Yummi */,
				C3542D612B5FC63300B3F58C /* YummiTests */,
				C3542D6B2B5FC63300B3F58C /* YummiUITests */,
				C3542D4F2B5FC62F00B3F58C /* Products */,
			);
			sourceTree = "<group>";
		};
		C3542D4F2B5FC62F00B3F58C /* Products */ = {
			isa = PBXGroup;
			children = (
				C3542D4E2B5FC62F00B3F58C /* Yummi.app */,
				C3542D5E2B5FC63300B3F58C /* YummiTests.xctest */,
				C3542D682B5FC63300B3F58C /* YummiUITests.xctest */,
			);
			name = Products;
			sourceTree = "<group>";
		};
		C3542D502B5FC62F00B3F58C /* Yummi */ = {
			isa = PBXGroup;
			children = (
				C3542D512B5FC62F00B3F58C /* YummiApp.swift */,
				C3542D532B5FC62F00B3F58C /* ContentView.swift */,
				C3542D552B5FC63200B3F58C /* Assets.xcassets */,
				C3542D572B5FC63200B3F58C /* Preview Content */,
				C3542D7B2B5FCBD200B3F58C /* Ingredients.swift */,
			);
			path = Yummi;
			sourceTree = "<group>";
		};
		C3542D572B5FC63200B3F58C /* Preview Content */ = {
			isa = PBXGroup;
			children = (
				C3542D582B5FC63200B3F58C /* Preview Assets.xcassets */,
			);
			path = "Preview Content";
			sourceTree = "<group>";
		};
		C3542D612B5FC63300B3F58C /* YummiTests */ = {
			isa = PBXGroup;
			children = (
				C3542D622B5FC63300B3F58C /* YummiTests.swift */,
			);
			path = YummiTests;
			sourceTree = "<group>";
		};
		C3542D6B2B5FC63300B3F58C /* YummiUITests */ = {
			isa = PBXGroup;
			children = (
				C3542D6C2B5FC63300B3F58C /* YummiUITests.swift */,
				C3542D6E2B5FC63300B3F58C /* YummiUITestsLaunchTests.swift */,
			);
			path = YummiUITests;
			sourceTree = "<group>";
		};
/* End PBXGroup section */

/* Begin PBXNativeTarget section */
		C3542D4D2B5FC62F00B3F58C /* Yummi */ = {
			isa = PBXNativeTarget;
			buildConfigurationList = C3542D722B5FC63300B3F58C /* Build configuration list for PBXNativeTarget "Yummi" */;
			buildPhases = (
				C3542D4A2B5FC62F00B3F58C /* Sources */,
				C3542D4B2B5FC62F00B3F58C /* Frameworks */,
				C3542D4C2B5FC62F00B3F58C /* Resources */,
			);
			buildRules = (
			);
			dependencies = (
			);
			name = Yummi;
			productName = Yummi;
			productReference = C3542D4E2B5FC62F00B3F58C /* Yummi.app */;
			productType = "com.apple.product-type.application";
		};
		C3542D5D2B5FC63300B3F58C /* YummiTests */ = {
			isa = PBXNativeTarget;
			buildConfigurationList = C3542D752B5FC63300B3F58C /* Build configuration list for PBXNativeTarget "YummiTests" */;
			buildPhases = (
				C3542D5A2B5FC63300B3F58C /* Sources */,
				C3542D5B2B5FC63300B3F58C /* Frameworks */,
				C3542D5C2B5FC63300B3F58C /* Resources */,
			);
			buildRules = (
			);
			dependencies = (
				C3542D602B5FC63300B3F58C /* PBXTargetDependency */,
			);
			name = YummiTests;
			productName = YummiTests;
			productReference = C3542D5E2B5FC63300B3F58C /* YummiTests.xctest */;
			productType = "com.apple.product-type.bundle.unit-test";
		};
		C3542D672B5FC63300B3F58C /* YummiUITests */ = {
			isa = PBXNativeTarget;
			buildConfigurationList = C3542D782B5FC63300B3F58C /* Build configuration list for PBXNativeTarget "YummiUITests" */;
			buildPhases = (
				C3542D642B5FC63300B3F58C /* Sources */,
				C3542D652B5FC63300B3F58C /* Frameworks */,
				C3542D662B5FC63300B3F58C /* Resources */,
			);
			buildRules = (
			);
			dependencies = (
				C3542D6A2B5FC63300B3F58C /* PBXTargetDependency */,
			);
			name = YummiUITests;
			productName = YummiUITests;
			productReference = C3542D682B5FC63300B3F58C /* YummiUITests.xctest */;
			productType = "com.apple.product-type.bundle.ui-testing";
		};
/* End PBXNativeTarget section */

/* Begin PBXProject section */
		C3542D462B5FC62F00B3F58C /* Project object */ = {
			isa = PBXProject;
			attributes = {
				BuildIndependentTargetsInParallel = 1;
				LastSwiftUpdateCheck = 1520;
				LastUpgradeCheck = 1520;
				TargetAttributes = {
					C3542D4D2B5FC62F00B3F58C = {
						CreatedOnToolsVersion = 15.2;
					};
					C3542D5D2B5FC63300B3F58C = {
						CreatedOnToolsVersion = 15.2;
						TestTargetID = C3542D4D2B5FC62F00B3F58C;
					};
					C3542D672B5FC63300B3F58C = {
						CreatedOnToolsVersion = 15.2;
						TestTargetID = C3542D4D2B5FC62F00B3F58C;
					};
				};
			};
			buildConfigurationList = C3542D492B5FC62F00B3F58C /* Build configuration list for PBXProject "Yummi" */;
			compatibilityVersion = "Xcode 14.0";
			developmentRegion = en;
			hasScannedForEncodings = 0;
			knownRegions = (
				en,
				Base,
			);
			mainGroup = C3542D452B5FC62F00B3F58C;
			productRefGroup = C3542D4F2B5FC62F00B3F58C /* Products */;
			projectDirPath = "";
			projectRoot = "";
			targets = (
				C3542D4D2B5FC62F00B3F58C /* Yummi */,
				C3542D5D2B5FC63300B3F58C /* YummiTests */,
				C3542D672B5FC63300B3F58C /* YummiUITests */,
			);
		};
/* End PBXProject section */

/* Begin PBXResourcesBuildPhase section */
		C3542D4C2B5FC62F00B3F58C /* Resources */ = {
			isa = PBXResourcesBuildPhase;
			buildActionMask = 2147483647;
			files = (
				C3542D592B5FC63200B3F58C /* Preview Assets.xcassets in Resources */,
				C3542D562B5FC63200B3F58C /* Assets.xcassets in Resources */,
			);
			runOnlyForDeploymentPostprocessing = 0;
		};
		C3542D5C2B5FC63300B3F58C /* Resources */ = {
			isa = PBXResourcesBuildPhase;
			buildActionMask = 2147483647;
			files = (
			);
			runOnlyForDeploymentPostprocessing = 0;
		};
		C3542D662B5FC63300B3F58C /* Resources */ = {
			isa = PBXResourcesBuildPhase;
			buildActionMask = 2147483647;
			files = (
			);
			runOnlyForDeploymentPostprocessing = 0;
		};
/* End PBXResourcesBuildPhase section */

/* Begin PBXSourcesBuildPhase section */
		C3542D4A2B5FC62F00B3F58C /* Sources */ = {
			isa = PBXSourcesBuildPhase;
			buildActionMask = 2147483647;
			files = (
				C3542D542B5FC62F00B3F58C /* ContentView.swift in Sources */,
				C3542D7C2B5FCBD200B3F58C /* Ingredients.swift in Sources */,
				C3542D522B5FC62F00B3F58C /* YummiApp.swift in Sources */,
			);
			runOnlyForDeploymentPostprocessing = 0;
		};
		C3542D5A2B5FC63300B3F58C /* Sources */ = {
			isa = PBXSourcesBuildPhase;
			buildActionMask = 2147483647;
			files = (
				C3542D632B5FC63300B3F58C /* YummiTests.swift in Sources */,
			);
			runOnlyForDeploymentPostprocessing = 0;
		};
		C3542D642B5FC63300B3F58C /* Sources */ = {
			isa = PBXSourcesBuildPhase;
			buildActionMask = 2147483647;
			files = (
				C3542D6F2B5FC63300B3F58C /* YummiUITestsLaunchTests.swift in Sources */,
				C3542D6D2B5FC63300B3F58C /* YummiUITests.swift in Sources */,
			);
			runOnlyForDeploymentPostprocessing = 0;
		};
/* End PBXSourcesBuildPhase section */

/* Begin PBXTargetDependency section */
		C3542D602B5FC63300B3F58C /* PBXTargetDependency */ = {
			isa = PBXTargetDependency;
			target = C3542D4D2B5FC62F00B3F58C /* Yummi */;
			targetProxy = C3542D5F2B5FC63300B3F58C /* PBXContainerItemProxy */;
		};
		C3542D6A2B5FC63300B3F58C /* PBXTargetDependency */ = {
			isa = PBXTargetDependency;
			target = C3542D4D2B5FC62F00B3F58C /* Yummi */;
			targetProxy = C3542D692B5FC63300B3F58C /* PBXContainerItemProxy */;
		};
/* End PBXTargetDependency section */

/* Begin XCBuildConfiguration section */
		C3542D702B5FC63300B3F58C /* Debug */ = {
			isa = XCBuildConfiguration;
			buildSettings = {
				ALWAYS_SEARCH_USER_PATHS = NO;
				ASSETCATALOG_COMPILER_GENERATE_SWIFT_ASSET_SYMBOL_EXTENSIONS = YES;
				CLANG_ANALYZER_NONNULL = YES;
				CLANG_ANALYZER_NUMBER_OBJECT_CONVERSION = YES_AGGRESSIVE;
				CLANG_CXX_LANGUAGE_STANDARD = "gnu++20";
				CLANG_ENABLE_MODULES = YES;
				CLANG_ENABLE_OBJC_ARC = YES;
				CLANG_ENABLE_OBJC_WEAK = YES;
				CLANG_WARN_BLOCK_CAPTURE_AUTORELEASING = YES;
				CLANG_WARN_BOOL_CONVERSION = YES;
				CLANG_WARN_COMMA = YES;
				CLANG_WARN_CONSTANT_CONVERSION = YES;
				CLANG_WARN_DEPRECATED_OBJC_IMPLEMENTATIONS = YES;
				CLANG_WARN_DIRECT_OBJC_ISA_USAGE = YES_ERROR;
				CLANG_WARN_DOCUMENTATION_COMMENTS = YES;
				CLANG_WARN_EMPTY_BODY = YES;
				CLANG_WARN_ENUM_CONVERSION = YES;
				CLANG_WARN_INFINITE_RECURSION = YES;
				CLANG_WARN_INT_CONVERSION = YES;
				CLANG_WARN_NON_LITERAL_NULL_CONVERSION = YES;
				CLANG_WARN_OBJC_IMPLICIT_RETAIN_SELF = YES;
				CLANG_WARN_OBJC_LITERAL_CONVERSION = YES;
				CLANG_WARN_OBJC_ROOT_CLASS = YES_ERROR;
				CLANG_WARN_QUOTED_INCLUDE_IN_FRAMEWORK_HEADER = YES;
				CLANG_WARN_RANGE_LOOP_ANALYSIS = YES;
				CLANG_WARN_STRICT_PROTOTYPES = YES;
				CLANG_WARN_SUSPICIOUS_MOVE = YES;
				CLANG_WARN_UNGUARDED_AVAILABILITY = YES_AGGRESSIVE;
				CLANG_WARN_UNREACHABLE_CODE = YES;
				CLANG_WARN__DUPLICATE_METHOD_MATCH = YES;
				COPY_PHASE_STRIP = NO;
				DEBUG_INFORMATION_FORMAT = dwarf;
				ENABLE_STRICT_OBJC_MSGSEND = YES;
				ENABLE_TESTABILITY = YES;
				ENABLE_USER_SCRIPT_SANDBOXING = YES;
				GCC_C_LANGUAGE_STANDARD = gnu17;
				GCC_DYNAMIC_NO_PIC = NO;
				GCC_NO_COMMON_BLOCKS = YES;
				GCC_OPTIMIZATION_LEVEL = 0;
				GCC_PREPROCESSOR_DEFINITIONS = (
					"DEBUG=1",
					"$(inherited)",
				);
				GCC_WARN_64_TO_32_BIT_CONVERSION = YES;
				GCC_WARN_ABOUT_RETURN_TYPE = YES_ERROR;
				GCC_WARN_UNDECLARED_SELECTOR = YES;
				GCC_WARN_UNINITIALIZED_AUTOS = YES_AGGRESSIVE;
				GCC_WARN_UNUSED_FUNCTION = YES;
				GCC_WARN_UNUSED_VARIABLE = YES;
				IPHONEOS_DEPLOYMENT_TARGET = 17.2;
				LOCALIZATION_PREFERS_STRING_CATALOGS = YES;
				MTL_ENABLE_DEBUG_INFO = INCLUDE_SOURCE;
				MTL_FAST_MATH = YES;
				ONLY_ACTIVE_ARCH = YES;
				SDKROOT = iphoneos;
				SWIFT_ACTIVE_COMPILATION_CONDITIONS = "DEBUG $(inherited)";
				SWIFT_OPTIMIZATION_LEVEL = "-Onone";
			};
			name = Debug;
		};
		C3542D712B5FC63300B3F58C /* Release */ = {
			isa = XCBuildConfiguration;
			buildSettings = {
				ALWAYS_SEARCH_USER_PATHS = NO;
				ASSETCATALOG_COMPILER_GENERATE_SWIFT_ASSET_SYMBOL_EXTENSIONS = YES;
				CLANG_ANALYZER_NONNULL = YES;
				CLANG_ANALYZER_NUMBER_OBJECT_CONVERSION = YES_AGGRESSIVE;
				CLANG_CXX_LANGUAGE_STANDARD = "gnu++20";
				CLANG_ENABLE_MODULES = YES;
				CLANG_ENABLE_OBJC_ARC = YES;
				CLANG_ENABLE_OBJC_WEAK = YES;
				CLANG_WARN_BLOCK_CAPTURE_AUTORELEASING = YES;
				CLANG_WARN_BOOL_CONVERSION = YES;
				CLANG_WARN_COMMA = YES;
				CLANG_WARN_CONSTANT_CONVERSION = YES;
				CLANG_WARN_DEPRECATED_OBJC_IMPLEMENTATIONS = YES;
				CLANG_WARN_DIRECT_OBJC_ISA_USAGE = YES_ERROR;
				CLANG_WARN_DOCUMENTATION_COMMENTS = YES;
				CLANG_WARN_EMPTY_BODY = YES;
				CLANG_WARN_ENUM_CONVERSION = YES;
				CLANG_WARN_INFINITE_RECURSION = YES;
				CLANG_WARN_INT_CONVERSION = YES;
				CLANG_WARN_NON_LITERAL_NULL_CONVERSION = YES;
				CLANG_WARN_OBJC_IMPLICIT_RETAIN_SELF = YES;
				CLANG_WARN_OBJC_LITERAL_CONVERSION = YES;
				CLANG_WARN_OBJC_ROOT_CLASS = YES_ERROR;
				CLANG_WARN_QUOTED_INCLUDE_IN_FRAMEWORK_HEADER = YES;
				CLANG_WARN_RANGE_LOOP_ANALYSIS = YES;
				CLANG_WARN_STRICT_PROTOTYPES = YES;
				CLANG_WARN_SUSPICIOUS_MOVE = YES;
				CLANG_WARN_UNGUARDED_AVAILABILITY = YES_AGGRESSIVE;
				CLANG_WARN_UNREACHABLE_CODE = YES;
				CLANG_WARN__DUPLICATE_METHOD_MATCH = YES;
				COPY_PHASE_STRIP = NO;
				DEBUG_INFORMATION_FORMAT = "dwarf-with-dsym";
				ENABLE_NS_ASSERTIONS = NO;
				ENABLE_STRICT_OBJC_MSGSEND = YES;
				ENABLE_USER_SCRIPT_SANDBOXING = YES;
				GCC_C_LANGUAGE_STANDARD = gnu17;
				GCC_NO_COMMON_BLOCKS = YES;
				GCC_WARN_64_TO_32_BIT_CONVERSION = YES;
				GCC_WARN_ABOUT_RETURN_TYPE = YES_ERROR;
				GCC_WARN_UNDECLARED_SELECTOR = YES;
				GCC_WARN_UNINITIALIZED_AUTOS = YES_AGGRESSIVE;
				GCC_WARN_UNUSED_FUNCTION = YES;
				GCC_WARN_UNUSED_VARIABLE = YES;
				IPHONEOS_DEPLOYMENT_TARGET = 17.2;
				LOCALIZATION_PREFERS_STRING_CATALOGS = YES;
				MTL_ENABLE_DEBUG_INFO = NO;
				MTL_FAST_MATH = YES;
				SDKROOT = iphoneos;
				SWIFT_COMPILATION_MODE = wholemodule;
				VALIDATE_PRODUCT = YES;
			};
			name = Release;
		};
		C3542D732B5FC63300B3F58C /* Debug */ = {
			isa = XCBuildConfiguration;
			buildSettings = {
				ASSETCATALOG_COMPILER_APPICON_NAME = AppIcon;
				ASSETCATALOG_COMPILER_GLOBAL_ACCENT_COLOR_NAME = AccentColor;
				CODE_SIGN_STYLE = Automatic;
				CURRENT_PROJECT_VERSION = 1;
				DEVELOPMENT_ASSET_PATHS = "\"Yummi/Preview Content\"";
				ENABLE_PREVIEWS = YES;
				GENERATE_INFOPLIST_FILE = YES;
				INFOPLIST_KEY_UIApplicationSceneManifest_Generation = YES;
				INFOPLIST_KEY_UIApplicationSupportsIndirectInputEvents = YES;
				INFOPLIST_KEY_UILaunchScreen_Generation = YES;
				INFOPLIST_KEY_UISupportedInterfaceOrientations_iPad = "UIInterfaceOrientationPortrait UIInterfaceOrientationPortraitUpsideDown UIInterfaceOrientationLandscapeLeft UIInterfaceOrientationLandscapeRight";
				INFOPLIST_KEY_UISupportedInterfaceOrientations_iPhone = "UIInterfaceOrientationPortrait UIInterfaceOrientationLandscapeLeft UIInterfaceOrientationLandscapeRight";
				LD_RUNPATH_SEARCH_PATHS = (
					"$(inherited)",
					"@executable_path/Frameworks",
				);
				MARKETING_VERSION = 1.0;
				PRODUCT_BUNDLE_IDENTIFIER = "com.parker-f.Yummi";
				PRODUCT_NAME = "$(TARGET_NAME)";
				SWIFT_EMIT_LOC_STRINGS = YES;
				SWIFT_VERSION = 5.0;
				TARGETED_DEVICE_FAMILY = "1,2";
			};
			name = Debug;
		};
		C3542D742B5FC63300B3F58C /* Release */ = {
			isa = XCBuildConfiguration;
			buildSettings = {
				ASSETCATALOG_COMPILER_APPICON_NAME = AppIcon;
				ASSETCATALOG_COMPILER_GLOBAL_ACCENT_COLOR_NAME = AccentColor;
				CODE_SIGN_STYLE = Automatic;
				CURRENT_PROJECT_VERSION = 1;
				DEVELOPMENT_ASSET_PATHS = "\"Yummi/Preview Content\"";
				ENABLE_PREVIEWS = YES;
				GENERATE_INFOPLIST_FILE = YES;
				INFOPLIST_KEY_UIApplicationSceneManifest_Generation = YES;
				INFOPLIST_KEY_UIApplicationSupportsIndirectInputEvents = YES;
				INFOPLIST_KEY_UILaunchScreen_Generation = YES;
				INFOPLIST_KEY_UISupportedInterfaceOrientations_iPad = "UIInterfaceOrientationPortrait UIInterfaceOrientationPortraitUpsideDown UIInterfaceOrientationLandscapeLeft UIInterfaceOrientationLandscapeRight";
				INFOPLIST_KEY_UISupportedInterfaceOrientations_iPhone = "UIInterfaceOrientationPortrait UIInterfaceOrientationLandscapeLeft UIInterfaceOrientationLandscapeRight";
				LD_RUNPATH_SEARCH_PATHS = (
					"$(inherited)",
					"@executable_path/Frameworks",
				);
				MARKETING_VERSION = 1.0;
				PRODUCT_BUNDLE_IDENTIFIER = "com.parker-f.Yummi";
				PRODUCT_NAME = "$(TARGET_NAME)";
				SWIFT_EMIT_LOC_STRINGS = YES;
				SWIFT_VERSION = 5.0;
				TARGETED_DEVICE_FAMILY = "1,2";
			};
			name = Release;
		};
		C3542D762B5FC63300B3F58C /* Debug */ = {
			isa = XCBuildConfiguration;
			buildSettings = {
				ALWAYS_EMBED_SWIFT_STANDARD_LIBRARIES = YES;
				BUNDLE_LOADER = "$(TEST_HOST)";
				CODE_SIGN_STYLE = Automatic;
				CURRENT_PROJECT_VERSION = 1;
				GENERATE_INFOPLIST_FILE = YES;
				IPHONEOS_DEPLOYMENT_TARGET = 17.2;
				MARKETING_VERSION = 1.0;
				PRODUCT_BUNDLE_IDENTIFIER = "com.parker-f.YummiTests";
				PRODUCT_NAME = "$(TARGET_NAME)";
				SWIFT_EMIT_LOC_STRINGS = NO;
				SWIFT_VERSION = 5.0;
				TARGETED_DEVICE_FAMILY = "1,2";
				TEST_HOST = "$(BUILT_PRODUCTS_DIR)/Yummi.app/$(BUNDLE_EXECUTABLE_FOLDER_PATH)/Yummi";
			};
			name = Debug;
		};
		C3542D772B5FC63300B3F58C /* Release */ = {
			isa = XCBuildConfiguration;
			buildSettings = {
				ALWAYS_EMBED_SWIFT_STANDARD_LIBRARIES = YES;
				BUNDLE_LOADER = "$(TEST_HOST)";
				CODE_SIGN_STYLE = Automatic;
				CURRENT_PROJECT_VERSION = 1;
				GENERATE_INFOPLIST_FILE = YES;
				IPHONEOS_DEPLOYMENT_TARGET = 17.2;
				MARKETING_VERSION = 1.0;
				PRODUCT_BUNDLE_IDENTIFIER = "com.parker-f.YummiTests";
				PRODUCT_NAME = "$(TARGET_NAME)";
				SWIFT_EMIT_LOC_STRINGS = NO;
				SWIFT_VERSION = 5.0;
				TARGETED_DEVICE_FAMILY = "1,2";
				TEST_HOST = "$(BUILT_PRODUCTS_DIR)/Yummi.app/$(BUNDLE_EXECUTABLE_FOLDER_PATH)/Yummi";
			};
			name = Release;
		};
		C3542D792B5FC63300B3F58C /* Debug */ = {
			isa = XCBuildConfiguration;
			buildSettings = {
				ALWAYS_EMBED_SWIFT_STANDARD_LIBRARIES = YES;
				CODE_SIGN_STYLE = Automatic;
				CURRENT_PROJECT_VERSION = 1;
				GENERATE_INFOPLIST_FILE = YES;
				MARKETING_VERSION = 1.0;
				PRODUCT_BUNDLE_IDENTIFIER = "com.parker-f.YummiUITests";
				PRODUCT_NAME = "$(TARGET_NAME)";
				SWIFT_EMIT_LOC_STRINGS = NO;
				SWIFT_VERSION = 5.0;
				TARGETED_DEVICE_FAMILY = "1,2";
				TEST_TARGET_NAME = Yummi;
			};
			name = Debug;
		};
		C3542D7A2B5FC63300B3F58C /* Release */ = {
			isa = XCBuildConfiguration;
			buildSettings = {
				ALWAYS_EMBED_SWIFT_STANDARD_LIBRARIES = YES;
				CODE_SIGN_STYLE = Automatic;
				CURRENT_PROJECT_VERSION = 1;
				GENERATE_INFOPLIST_FILE = YES;
				MARKETING_VERSION = 1.0;
				PRODUCT_BUNDLE_IDENTIFIER = "com.parker-f.YummiUITests";
				PRODUCT_NAME = "$(TARGET_NAME)";
				SWIFT_EMIT_LOC_STRINGS = NO;
				SWIFT_VERSION = 5.0;
				TARGETED_DEVICE_FAMILY = "1,2";
				TEST_TARGET_NAME = Yummi;
			};
			name = Release;
		};
/* End XCBuildConfiguration section */

/* Begin XCConfigurationList section */
		C3542D492B5FC62F00B3F58C /* Build configuration list for PBXProject "Yummi" */ = {
			isa = XCConfigurationList;
			buildConfigurations = (
				C3542D702B5FC63300B3F58C /* Debug */,
				C3542D712B5FC63300B3F58C /* Release */,
			);
			defaultConfigurationIsVisible = 0;
			defaultConfigurationName = Release;
		};
		C3542D722B5FC63300B3F58C /* Build configuration list for PBXNativeTarget "Yummi" */ = {
			isa = XCConfigurationList;
			buildConfigurations = (
				C3542D732B5FC63300B3F58C /* Debug */,
				C3542D742B5FC63300B3F58C /* Release */,
			);
			defaultConfigurationIsVisible = 0;
			defaultConfigurationName = Release;
		};
		C3542D752B5FC63300B3F58C /* Build configuration list for PBXNativeTarget "YummiTests" */ = {
			isa = XCConfigurationList;
			buildConfigurations = (
				C3542D762B5FC63300B3F58C /* Debug */,
				C3542D772B5FC63300B3F58C /* Release */,
			);
			defaultConfigurationIsVisible = 0;
			defaultConfigurationName = Release;
		};
		C3542D782B5FC63300B3F58C /* Build configuration list for PBXNativeTarget "YummiUITests" */ = {
			isa = XCConfigurationList;
			buildConfigurations = (
				C3542D792B5FC63300B3F58C /* Debug */,
				C3542D7A2B5FC63300B3F58C /* Release */,
			);
			defaultConfigurationIsVisible = 0;
			defaultConfigurationName = Release;
		};
/* End XCConfigurationList section */
	};
	rootObject = C3542D462B5FC62F00B3F58C /* Project object */;
}
